// !$*UTF8*$!
{
	archiveVersion = 1;
	classes = {
	};
	objectVersion = 46;
	objects = {

/* Begin PBXBuildFile section */
		10B0DCD81B85C2950028E670 /* AppDelegate.swift in Sources */ = {isa = PBXBuildFile; fileRef = 10B0DCD71B85C2950028E670 /* AppDelegate.swift */; };
		10B0DCDA1B85C2950028E670 /* ViewController.swift in Sources */ = {isa = PBXBuildFile; fileRef = 10B0DCD91B85C2950028E670 /* ViewController.swift */; };
		10B0DCDD1B85C2950028E670 /* Main.storyboard in Resources */ = {isa = PBXBuildFile; fileRef = 10B0DCDB1B85C2950028E670 /* Main.storyboard */; };
		10B0DCE01B85C2950028E670 /* SimpleTool.xcdatamodeld in Sources */ = {isa = PBXBuildFile; fileRef = 10B0DCDE1B85C2950028E670 /* SimpleTool.xcdatamodeld */; };
		10B0DCE21B85C2950028E670 /* Assets.xcassets in Resources */ = {isa = PBXBuildFile; fileRef = 10B0DCE11B85C2950028E670 /* Assets.xcassets */; };
		10B0DCE51B85C2950028E670 /* LaunchScreen.storyboard in Resources */ = {isa = PBXBuildFile; fileRef = 10B0DCE31B85C2950028E670 /* LaunchScreen.storyboard */; };
		10B0DCF01B85C2950028E670 /* SimpleToolTests.swift in Sources */ = {isa = PBXBuildFile; fileRef = 10B0DCEF1B85C2950028E670 /* SimpleToolTests.swift */; };
		10B0DCFB1B85C2950028E670 /* SimpleToolUITests.swift in Sources */ = {isa = PBXBuildFile; fileRef = 10B0DCFA1B85C2950028E670 /* SimpleToolUITests.swift */; };
/* End PBXBuildFile section */

/* Begin PBXContainerItemProxy section */
		10B0DCEC1B85C2950028E670 /* PBXContainerItemProxy */ = {
			isa = PBXContainerItemProxy;
			containerPortal = 10B0DCCC1B85C2950028E670 /* Project object */;
			proxyType = 1;
			remoteGlobalIDString = 10B0DCD31B85C2950028E670;
			remoteInfo = SimpleTool;
		};
		10B0DCF71B85C2950028E670 /* PBXContainerItemProxy */ = {
			isa = PBXContainerItemProxy;
			containerPortal = 10B0DCCC1B85C2950028E670 /* Project object */;
			proxyType = 1;
			remoteGlobalIDString = 10B0DCD31B85C2950028E670;
			remoteInfo = SimpleTool;
		};
/* End PBXContainerItemProxy section */

/* Begin PBXFileReference section */
		10B0DCD41B85C2950028E670 /* SimpleTool.app */ = {isa = PBXFileReference; explicitFileType = wrapper.application; includeInIndex = 0; path = SimpleTool.app; sourceTree = BUILT_PRODUCTS_DIR; };
		10B0DCD71B85C2950028E670 /* AppDelegate.swift */ = {isa = PBXFileReference; lastKnownFileType = sourcecode.swift; path = AppDelegate.swift; sourceTree = "<group>"; };
		10B0DCD91B85C2950028E670 /* ViewController.swift */ = {isa = PBXFileReference; lastKnownFileType = sourcecode.swift; path = ViewController.swift; sourceTree = "<group>"; };
		10B0DCDC1B85C2950028E670 /* Base */ = {isa = PBXFileReference; lastKnownFileType = file.storyboard; name = Base; path = Base.lproj/Main.storyboard; sourceTree = "<group>"; };
		10B0DCDF1B85C2950028E670 /* SimpleTool.xcdatamodel */ = {isa = PBXFileReference; lastKnownFileType = wrapper.xcdatamodel; path = SimpleTool.xcdatamodel; sourceTree = "<group>"; };
		10B0DCE11B85C2950028E670 /* Assets.xcassets */ = {isa = PBXFileReference; lastKnownFileType = folder.assetcatalog; path = Assets.xcassets; sourceTree = "<group>"; };
		10B0DCE41B85C2950028E670 /* Base */ = {isa = PBXFileReference; lastKnownFileType = file.storyboard; name = Base; path = Base.lproj/LaunchScreen.storyboard; sourceTree = "<group>"; };
		10B0DCE61B85C2950028E670 /* Info.plist */ = {isa = PBXFileReference; lastKnownFileType = text.plist.xml; path = Info.plist; sourceTree = "<group>"; };
		10B0DCEB1B85C2950028E670 /* SimpleToolTests.xctest */ = {isa = PBXFileReference; explicitFileType = wrapper.cfbundle; includeInIndex = 0; path = SimpleToolTests.xctest; sourceTree = BUILT_PRODUCTS_DIR; };
		10B0DCEF1B85C2950028E670 /* SimpleToolTests.swift */ = {isa = PBXFileReference; lastKnownFileType = sourcecode.swift; path = SimpleToolTests.swift; sourceTree = "<group>"; };
		10B0DCF11B85C2950028E670 /* Info.plist */ = {isa = PBXFileReference; lastKnownFileType = text.plist.xml; path = Info.plist; sourceTree = "<group>"; };
		10B0DCF61B85C2950028E670 /* SimpleToolUITests.xctest */ = {isa = PBXFileReference; explicitFileType = wrapper.cfbundle; includeInIndex = 0; path = SimpleToolUITests.xctest; sourceTree = BUILT_PRODUCTS_DIR; };
		10B0DCFA1B85C2950028E670 /* SimpleToolUITests.swift */ = {isa = PBXFileReference; lastKnownFileType = sourcecode.swift; path = SimpleToolUITests.swift; sourceTree = "<group>"; };
		10B0DCFC1B85C2960028E670 /* Info.plist */ = {isa = PBXFileReference; lastKnownFileType = text.plist.xml; path = Info.plist; sourceTree = "<group>"; };
/* End PBXFileReference section */

/* Begin PBXFrameworksBuildPhase section */
		10B0DCD11B85C2950028E670 /* Frameworks */ = {
			isa = PBXFrameworksBuildPhase;
			buildActionMask = 2147483647;
			files = (
			);
			runOnlyForDeploymentPostprocessing = 0;
		};
		10B0DCE81B85C2950028E670 /* Frameworks */ = {
			isa = PBXFrameworksBuildPhase;
			buildActionMask = 2147483647;
			files = (
			);
			runOnlyForDeploymentPostprocessing = 0;
		};
		10B0DCF31B85C2950028E670 /* Frameworks */ = {
			isa = PBXFrameworksBuildPhase;
			buildActionMask = 2147483647;
			files = (
			);
			runOnlyForDeploymentPostprocessing = 0;
		};
/* End PBXFrameworksBuildPhase section */

/* Begin PBXGroup section */
		10B0DCCB1B85C2950028E670 = {
			isa = PBXGroup;
			children = (
				10B0DCD61B85C2950028E670 /* SimpleTool */,
				10B0DCEE1B85C2950028E670 /* SimpleToolTests */,
				10B0DCF91B85C2950028E670 /* SimpleToolUITests */,
				10B0DCD51B85C2950028E670 /* Products */,
			);
			sourceTree = "<group>";
		};
		10B0DCD51B85C2950028E670 /* Products */ = {
			isa = PBXGroup;
			children = (
				10B0DCD41B85C2950028E670 /* SimpleTool.app */,
				10B0DCEB1B85C2950028E670 /* SimpleToolTests.xctest */,
				10B0DCF61B85C2950028E670 /* SimpleToolUITests.xctest */,
			);
			name = Products;
			sourceTree = "<group>";
		};
		10B0DCD61B85C2950028E670 /* SimpleTool */ = {
			isa = PBXGroup;
			children = (
				10B0DCD71B85C2950028E670 /* AppDelegate.swift */,
				10B0DCD91B85C2950028E670 /* ViewController.swift */,
				10B0DCDB1B85C2950028E670 /* Main.storyboard */,
				10B0DCE11B85C2950028E670 /* Assets.xcassets */,
				10B0DCE31B85C2950028E670 /* LaunchScreen.storyboard */,
				10B0DCE61B85C2950028E670 /* Info.plist */,
				10B0DCDE1B85C2950028E670 /* SimpleTool.xcdatamodeld */,
			);
			path = SimpleTool;
			sourceTree = "<group>";
		};
		10B0DCEE1B85C2950028E670 /* SimpleToolTests */ = {
			isa = PBXGroup;
			children = (
				10B0DCEF1B85C2950028E670 /* SimpleToolTests.swift */,
				10B0DCF11B85C2950028E670 /* Info.plist */,
			);
			path = SimpleToolTests;
			sourceTree = "<group>";
		};
		10B0DCF91B85C2950028E670 /* SimpleToolUITests */ = {
			isa = PBXGroup;
			children = (
				10B0DCFA1B85C2950028E670 /* SimpleToolUITests.swift */,
				10B0DCFC1B85C2960028E670 /* Info.plist */,
			);
			path = SimpleToolUITests;
			sourceTree = "<group>";
		};
/* End PBXGroup section */

/* Begin PBXNativeTarget section */
		10B0DCD31B85C2950028E670 /* SimpleTool */ = {
			isa = PBXNativeTarget;
			buildConfigurationList = 10B0DCFF1B85C2960028E670 /* Build configuration list for PBXNativeTarget "SimpleTool" */;
			buildPhases = (
				10B0DCD01B85C2950028E670 /* Sources */,
				10B0DCD11B85C2950028E670 /* Frameworks */,
				10B0DCD21B85C2950028E670 /* Resources */,
			);
			buildRules = (
			);
			dependencies = (
			);
			name = SimpleTool;
			productName = SimpleTool;
			productReference = 10B0DCD41B85C2950028E670 /* SimpleTool.app */;
			productType = "com.apple.product-type.application";
		};
		10B0DCEA1B85C2950028E670 /* SimpleToolTests */ = {
			isa = PBXNativeTarget;
			buildConfigurationList = 10B0DD021B85C2960028E670 /* Build configuration list for PBXNativeTarget "SimpleToolTests" */;
			buildPhases = (
				10B0DCE71B85C2950028E670 /* Sources */,
				10B0DCE81B85C2950028E670 /* Frameworks */,
				10B0DCE91B85C2950028E670 /* Resources */,
			);
			buildRules = (
			);
			dependencies = (
				10B0DCED1B85C2950028E670 /* PBXTargetDependency */,
			);
			name = SimpleToolTests;
			productName = SimpleToolTests;
			productReference = 10B0DCEB1B85C2950028E670 /* SimpleToolTests.xctest */;
			productType = "com.apple.product-type.bundle.unit-test";
		};
		10B0DCF51B85C2950028E670 /* SimpleToolUITests */ = {
			isa = PBXNativeTarget;
			buildConfigurationList = 10B0DD051B85C2960028E670 /* Build configuration list for PBXNativeTarget "SimpleToolUITests" */;
			buildPhases = (
				10B0DCF21B85C2950028E670 /* Sources */,
				10B0DCF31B85C2950028E670 /* Frameworks */,
				10B0DCF41B85C2950028E670 /* Resources */,
			);
			buildRules = (
			);
			dependencies = (
				10B0DCF81B85C2950028E670 /* PBXTargetDependency */,
			);
			name = SimpleToolUITests;
			productName = SimpleToolUITests;
			productReference = 10B0DCF61B85C2950028E670 /* SimpleToolUITests.xctest */;
			productType = "com.apple.product-type.bundle.ui-testing";
		};
/* End PBXNativeTarget section */

/* Begin PBXProject section */
		10B0DCCC1B85C2950028E670 /* Project object */ = {
			isa = PBXProject;
			attributes = {
				LastUpgradeCheck = 0700;
				ORGANIZATIONNAME = EADING;
				TargetAttributes = {
					10B0DCD31B85C2950028E670 = {
						CreatedOnToolsVersion = 7.0;
					};
					10B0DCEA1B85C2950028E670 = {
						CreatedOnToolsVersion = 7.0;
						TestTargetID = 10B0DCD31B85C2950028E670;
					};
					10B0DCF51B85C2950028E670 = {
						CreatedOnToolsVersion = 7.0;
						TestTargetID = 10B0DCD31B85C2950028E670;
					};
				};
			};
			buildConfigurationList = 10B0DCCF1B85C2950028E670 /* Build configuration list for PBXProject "SimpleTool" */;
			compatibilityVersion = "Xcode 3.2";
			developmentRegion = English;
			hasScannedForEncodings = 0;
			knownRegions = (
				en,
				Base,
			);
			mainGroup = 10B0DCCB1B85C2950028E670;
			productRefGroup = 10B0DCD51B85C2950028E670 /* Products */;
			projectDirPath = "";
			projectRoot = "";
			targets = (
				10B0DCD31B85C2950028E670 /* SimpleTool */,
				10B0DCEA1B85C2950028E670 /* SimpleToolTests */,
				10B0DCF51B85C2950028E670 /* SimpleToolUITests */,
			);
		};
/* End PBXProject section */

/* Begin PBXResourcesBuildPhase section */
		10B0DCD21B85C2950028E670 /* Resources */ = {
			isa = PBXResourcesBuildPhase;
			buildActionMask = 2147483647;
			files = (
				10B0DCE51B85C2950028E670 /* LaunchScreen.storyboard in Resources */,
				10B0DCE21B85C2950028E670 /* Assets.xcassets in Resources */,
				10B0DCDD1B85C2950028E670 /* Main.storyboard in Resources */,
			);
			runOnlyForDeploymentPostprocessing = 0;
		};
		10B0DCE91B85C2950028E670 /* Resources */ = {
			isa = PBXResourcesBuildPhase;
			buildActionMask = 2147483647;
			files = (
			);
			runOnlyForDeploymentPostprocessing = 0;
		};
		10B0DCF41B85C2950028E670 /* Resources */ = {
			isa = PBXResourcesBuildPhase;
			buildActionMask = 2147483647;
			files = (
			);
			runOnlyForDeploymentPostprocessing = 0;
		};
/* End PBXResourcesBuildPhase section */

/* Begin PBXSourcesBuildPhase section */
		10B0DCD01B85C2950028E670 /* Sources */ = {
			isa = PBXSourcesBuildPhase;
			buildActionMask = 2147483647;
			files = (
				10B0DCDA1B85C2950028E670 /* ViewController.swift in Sources */,
				10B0DCD81B85C2950028E670 /* AppDelegate.swift in Sources */,
				10B0DCE01B85C2950028E670 /* SimpleTool.xcdatamodeld in Sources */,
			);
			runOnlyForDeploymentPostprocessing = 0;
		};
		10B0DCE71B85C2950028E670 /* Sources */ = {
			isa = PBXSourcesBuildPhase;
			buildActionMask = 2147483647;
			files = (
				10B0DCF01B85C2950028E670 /* SimpleToolTests.swift in Sources */,
			);
			runOnlyForDeploymentPostprocessing = 0;
		};
		10B0DCF21B85C2950028E670 /* Sources */ = {
			isa = PBXSourcesBuildPhase;
			buildActionMask = 2147483647;
			files = (
				10B0DCFB1B85C2950028E670 /* SimpleToolUITests.swift in Sources */,
			);
			runOnlyForDeploymentPostprocessing = 0;
		};
/* End PBXSourcesBuildPhase section */

/* Begin PBXTargetDependency section */
		10B0DCED1B85C2950028E670 /* PBXTargetDependency */ = {
			isa = PBXTargetDependency;
			target = 10B0DCD31B85C2950028E670 /* SimpleTool */;
			targetProxy = 10B0DCEC1B85C2950028E670 /* PBXContainerItemProxy */;
		};
		10B0DCF81B85C2950028E670 /* PBXTargetDependency */ = {
			isa = PBXTargetDependency;
			target = 10B0DCD31B85C2950028E670 /* SimpleTool */;
			targetProxy = 10B0DCF71B85C2950028E670 /* PBXContainerItemProxy */;
		};
/* End PBXTargetDependency section */

/* Begin PBXVariantGroup section */
		10B0DCDB1B85C2950028E670 /* Main.storyboard */ = {
			isa = PBXVariantGroup;
			children = (
				10B0DCDC1B85C2950028E670 /* Base */,
			);
			name = Main.storyboard;
			sourceTree = "<group>";
		};
		10B0DCE31B85C2950028E670 /* LaunchScreen.storyboard */ = {
			isa = PBXVariantGroup;
			children = (
				10B0DCE41B85C2950028E670 /* Base */,
			);
			name = LaunchScreen.storyboard;
			sourceTree = "<group>";
		};
/* End PBXVariantGroup section */

/* Begin XCBuildConfiguration section */
		10B0DCFD1B85C2960028E670 /* Debug */ = {
			isa = XCBuildConfiguration;
			buildSettings = {
				ALWAYS_SEARCH_USER_PATHS = NO;
				CLANG_CXX_LANGUAGE_STANDARD = "gnu++0x";
				CLANG_CXX_LIBRARY = "libc++";
				CLANG_ENABLE_MODULES = YES;
				CLANG_ENABLE_OBJC_ARC = YES;
				CLANG_WARN_BOOL_CONVERSION = YES;
				CLANG_WARN_CONSTANT_CONVERSION = YES;
				CLANG_WARN_DIRECT_OBJC_ISA_USAGE = YES_ERROR;
				CLANG_WARN_EMPTY_BODY = YES;
				CLANG_WARN_ENUM_CONVERSION = YES;
				CLANG_WARN_INT_CONVERSION = YES;
				CLANG_WARN_OBJC_ROOT_CLASS = YES_ERROR;
				CLANG_WARN_UNREACHABLE_CODE = YES;
				CLANG_WARN__DUPLICATE_METHOD_MATCH = YES;
				"CODE_SIGN_IDENTITY[sdk=iphoneos*]" = "iPhone Developer";
				COPY_PHASE_STRIP = NO;
				DEBUG_INFORMATION_FORMAT = dwarf;
				ENABLE_STRICT_OBJC_MSGSEND = YES;
				ENABLE_TESTABILITY = YES;
				GCC_C_LANGUAGE_STANDARD = gnu99;
				GCC_DYNAMIC_NO_PIC = NO;
				GCC_NO_COMMON_BLOCKS = YES;
				GCC_OPTIMIZATION_LEVEL = 0;
				GCC_PREPROCESSOR_DEFINITIONS = (
					"DEBUG=1",
					"$(inherited)",
				);
				GCC_WARN_64_TO_32_BIT_CONVERSION = YES;
				GCC_WARN_ABOUT_RETURN_TYPE = YES_ERROR;
				GCC_WARN_UNDECLARED_SELECTOR = YES;
				GCC_WARN_UNINITIALIZED_AUTOS = YES_AGGRESSIVE;
				GCC_WARN_UNUSED_FUNCTION = YES;
				GCC_WARN_UNUSED_VARIABLE = YES;
				IPHONEOS_DEPLOYMENT_TARGET = 9.0;
				MTL_ENABLE_DEBUG_INFO = YES;
				ONLY_ACTIVE_ARCH = YES;
				SDKROOT = iphoneos;
				SWIFT_OPTIMIZATION_LEVEL = "-Onone";
			};
			name = Debug;
		};
		10B0DCFE1B85C2960028E670 /* Release */ = {
			isa = XCBuildConfiguration;
			buildSettings = {
				ALWAYS_SEARCH_USER_PATHS = NO;
				CLANG_CXX_LANGUAGE_STANDARD = "gnu++0x";
				CLANG_CXX_LIBRARY = "libc++";
				CLANG_ENABLE_MODULES = YES;
				CLANG_ENABLE_OBJC_ARC = YES;
				CLANG_WARN_BOOL_CONVERSION = YES;
				CLANG_WARN_CONSTANT_CONVERSION = YES;
				CLANG_WARN_DIRECT_OBJC_ISA_USAGE = YES_ERROR;
				CLANG_WARN_EMPTY_BODY = YES;
				CLANG_WARN_ENUM_CONVERSION = YES;
				CLANG_WARN_INT_CONVERSION = YES;
				CLANG_WARN_OBJC_ROOT_CLASS = YES_ERROR;
				CLANG_WARN_UNREACHABLE_CODE = YES;
				CLANG_WARN__DUPLICATE_METHOD_MATCH = YES;
				"CODE_SIGN_IDENTITY[sdk=iphoneos*]" = "iPhone Developer";
				COPY_PHASE_STRIP = NO;
				DEBUG_INFORMATION_FORMAT = "dwarf-with-dsym";
				ENABLE_NS_ASSERTIONS = NO;
				ENABLE_STRICT_OBJC_MSGSEND = YES;
				GCC_C_LANGUAGE_STANDARD = gnu99;
				GCC_NO_COMMON_BLOCKS = YES;
				GCC_WARN_64_TO_32_BIT_CONVERSION = YES;
				GCC_WARN_ABOUT_RETURN_TYPE = YES_ERROR;
				GCC_WARN_UNDECLARED_SELECTOR = YES;
				GCC_WARN_UNINITIALIZED_AUTOS = YES_AGGRESSIVE;
				GCC_WARN_UNUSED_FUNCTION = YES;
				GCC_WARN_UNUSED_VARIABLE = YES;
				IPHONEOS_DEPLOYMENT_TARGET = 9.0;
				MTL_ENABLE_DEBUG_INFO = NO;
				SDKROOT = iphoneos;
				VALIDATE_PRODUCT = YES;
			};
			name = Release;
		};
		10B0DD001B85C2960028E670 /* Debug */ = {
			isa = XCBuildConfiguration;
			buildSettings = {
				ASSETCATALOG_COMPILER_APPICON_NAME = AppIcon;
				INFOPLIST_FILE = SimpleTool/Info.plist;
				LD_RUNPATH_SEARCH_PATHS = "$(inherited) @executable_path/Frameworks";
				PRODUCT_BUNDLE_IDENTIFIER = com.eading.SimpleTool;
				PRODUCT_NAME = "$(TARGET_NAME)";
			};
			name = Debug;
		};
		10B0DD011B85C2960028E670 /* Release */ = {
			isa = XCBuildConfiguration;
			buildSettings = {
				ASSETCATALOG_COMPILER_APPICON_NAME = AppIcon;
				INFOPLIST_FILE = SimpleTool/Info.plist;
				LD_RUNPATH_SEARCH_PATHS = "$(inherited) @executable_path/Frameworks";
				PRODUCT_BUNDLE_IDENTIFIER = com.eading.SimpleTool;
				PRODUCT_NAME = "$(TARGET_NAME)";
			};
			name = Release;
		};
		10B0DD031B85C2960028E670 /* Debug */ = {
			isa = XCBuildConfiguration;
			buildSettings = {
				BUNDLE_LOADER = "$(TEST_HOST)";
				INFOPLIST_FILE = SimpleToolTests/Info.plist;
				LD_RUNPATH_SEARCH_PATHS = "$(inherited) @executable_path/Frameworks @loader_path/Frameworks";
				PRODUCT_BUNDLE_IDENTIFIER = com.eading.SimpleToolTests;
				PRODUCT_NAME = "$(TARGET_NAME)";
				TEST_HOST = "$(BUILT_PRODUCTS_DIR)/SimpleTool.app/SimpleTool";
			};
			name = Debug;
		};
		10B0DD041B85C2960028E670 /* Release */ = {
			isa = XCBuildConfiguration;
			buildSettings = {
				BUNDLE_LOADER = "$(TEST_HOST)";
				INFOPLIST_FILE = SimpleToolTests/Info.plist;
				LD_RUNPATH_SEARCH_PATHS = "$(inherited) @executable_path/Frameworks @loader_path/Frameworks";
				PRODUCT_BUNDLE_IDENTIFIER = com.eading.SimpleToolTests;
				PRODUCT_NAME = "$(TARGET_NAME)";
				TEST_HOST = "$(BUILT_PRODUCTS_DIR)/SimpleTool.app/SimpleTool";
			};
			name = Release;
		};
		10B0DD061B85C2960028E670 /* Debug */ = {
			isa = XCBuildConfiguration;
			buildSettings = {
				INFOPLIST_FILE = SimpleToolUITests/Info.plist;
				LD_RUNPATH_SEARCH_PATHS = "$(inherited) @executable_path/Frameworks @loader_path/Frameworks";
				PRODUCT_BUNDLE_IDENTIFIER = com.eading.SimpleToolUITests;
				PRODUCT_NAME = "$(TARGET_NAME)";
				TEST_TARGET_NAME = SimpleTool;
				USES_XCTRUNNER = YES;
			};
			name = Debug;
		};
		10B0DD071B85C2960028E670 /* Release */ = {
			isa = XCBuildConfiguration;
			buildSettings = {
				INFOPLIST_FILE = SimpleToolUITests/Info.plist;
				LD_RUNPATH_SEARCH_PATHS = "$(inherited) @executable_path/Frameworks @loader_path/Frameworks";
				PRODUCT_BUNDLE_IDENTIFIER = com.eading.SimpleToolUITests;
				PRODUCT_NAME = "$(TARGET_NAME)";
				TEST_TARGET_NAME = SimpleTool;
				USES_XCTRUNNER = YES;
			};
			name = Release;
		};
/* End XCBuildConfiguration section */

/* Begin XCConfigurationList section */
		10B0DCCF1B85C2950028E670 /* Build configuration list for PBXProject "SimpleTool" */ = {
			isa = XCConfigurationList;
			buildConfigurations = (
				10B0DCFD1B85C2960028E670 /* Debug */,
				10B0DCFE1B85C2960028E670 /* Release */,
			);
			defaultConfigurationIsVisible = 0;
			defaultConfigurationName = Release;
		};
		10B0DCFF1B85C2960028E670 /* Build configuration list for PBXNativeTarget "SimpleTool" */ = {
			isa = XCConfigurationList;
			buildConfigurations = (
				10B0DD001B85C2960028E670 /* Debug */,
				10B0DD011B85C2960028E670 /* Release */,
			);
			defaultConfigurationIsVisible = 0;
		};
		10B0DD021B85C2960028E670 /* Build configuration list for PBXNativeTarget "SimpleToolTests" */ = {
			isa = XCConfigurationList;
			buildConfigurations = (
				10B0DD031B85C2960028E670 /* Debug */,
				10B0DD041B85C2960028E670 /* Release */,
			);
			defaultConfigurationIsVisible = 0;
		};
		10B0DD051B85C2960028E670 /* Build configuration list for PBXNativeTarget "SimpleToolUITests" */ = {
			isa = XCConfigurationList;
			buildConfigurations = (
				10B0DD061B85C2960028E670 /* Debug */,
				10B0DD071B85C2960028E670 /* Release */,
			);
			defaultConfigurationIsVisible = 0;
		};
/* End XCConfigurationList section */

/* Begin XCVersionGroup section */
		10B0DCDE1B85C2950028E670 /* SimpleTool.xcdatamodeld */ = {
			isa = XCVersionGroup;
			children = (
				10B0DCDF1B85C2950028E670 /* SimpleTool.xcdatamodel */,
			);
			currentVersion = 10B0DCDF1B85C2950028E670 /* SimpleTool.xcdatamodel */;
			path = SimpleTool.xcdatamodeld;
			sourceTree = "<group>";
			versionGroupType = wrapper.xcdatamodel;
		};
/* End XCVersionGroup section */
	};
	rootObject = 10B0DCCC1B85C2950028E670 /* Project object */;
}
